// !$*UTF8*$!
{
	archiveVersion = 1;
	classes = {
	};
	objectVersion = 50;
	objects = {

/* Begin PBXBuildFile section */
		BD4918A72416667700D3B2C8 /* NewsCell.swift in Sources */ = {isa = PBXBuildFile; fileRef = BD4918A62416667700D3B2C8 /* NewsCell.swift */; };
		BD6E8CAB241B9D29006FFE61 /* News.swift in Sources */ = {isa = PBXBuildFile; fileRef = BD6E8CAA241B9D29006FFE61 /* News.swift */; };
		BD6E8CAD241BA28D006FFE61 /* NewsManager.swift in Sources */ = {isa = PBXBuildFile; fileRef = BD6E8CAC241BA28D006FFE61 /* NewsManager.swift */; };
		BDDC481C240EB45B001C9080 /* AppDelegate.swift in Sources */ = {isa = PBXBuildFile; fileRef = BDDC481B240EB45B001C9080 /* AppDelegate.swift */; };
		BDDC481E240EB45B001C9080 /* SceneDelegate.swift in Sources */ = {isa = PBXBuildFile; fileRef = BDDC481D240EB45B001C9080 /* SceneDelegate.swift */; };
		BDDC4820240EB45B001C9080 /* ViewController.swift in Sources */ = {isa = PBXBuildFile; fileRef = BDDC481F240EB45B001C9080 /* ViewController.swift */; };
		BDDC4823240EB45B001C9080 /* Main.storyboard in Resources */ = {isa = PBXBuildFile; fileRef = BDDC4821240EB45B001C9080 /* Main.storyboard */; };
		BDDC4825240EB461001C9080 /* Assets.xcassets in Resources */ = {isa = PBXBuildFile; fileRef = BDDC4824240EB461001C9080 /* Assets.xcassets */; };
		BDDC4828240EB461001C9080 /* LaunchScreen.storyboard in Resources */ = {isa = PBXBuildFile; fileRef = BDDC4826240EB461001C9080 /* LaunchScreen.storyboard */; };
/* End PBXBuildFile section */

/* Begin PBXFileReference section */
		BD4918A62416667700D3B2C8 /* NewsCell.swift */ = {isa = PBXFileReference; lastKnownFileType = sourcecode.swift; path = NewsCell.swift; sourceTree = "<group>"; };
		BD6E8CAA241B9D29006FFE61 /* News.swift */ = {isa = PBXFileReference; lastKnownFileType = sourcecode.swift; path = News.swift; sourceTree = "<group>"; };
		BD6E8CAC241BA28D006FFE61 /* NewsManager.swift */ = {isa = PBXFileReference; lastKnownFileType = sourcecode.swift; path = NewsManager.swift; sourceTree = "<group>"; };
		BDDC4818240EB45B001C9080 /* CatNews.app */ = {isa = PBXFileReference; explicitFileType = wrapper.application; includeInIndex = 0; path = CatNews.app; sourceTree = BUILT_PRODUCTS_DIR; };
		BDDC481B240EB45B001C9080 /* AppDelegate.swift */ = {isa = PBXFileReference; lastKnownFileType = sourcecode.swift; path = AppDelegate.swift; sourceTree = "<group>"; };
		BDDC481D240EB45B001C9080 /* SceneDelegate.swift */ = {isa = PBXFileReference; lastKnownFileType = sourcecode.swift; path = SceneDelegate.swift; sourceTree = "<group>"; };
		BDDC481F240EB45B001C9080 /* ViewController.swift */ = {isa = PBXFileReference; lastKnownFileType = sourcecode.swift; path = ViewController.swift; sourceTree = "<group>"; };
		BDDC4822240EB45B001C9080 /* Base */ = {isa = PBXFileReference; lastKnownFileType = file.storyboard; name = Base; path = Base.lproj/Main.storyboard; sourceTree = "<group>"; };
		BDDC4824240EB461001C9080 /* Assets.xcassets */ = {isa = PBXFileReference; lastKnownFileType = folder.assetcatalog; path = Assets.xcassets; sourceTree = "<group>"; };
		BDDC4827240EB461001C9080 /* Base */ = {isa = PBXFileReference; lastKnownFileType = file.storyboard; name = Base; path = Base.lproj/LaunchScreen.storyboard; sourceTree = "<group>"; };
		BDDC4829240EB461001C9080 /* Info.plist */ = {isa = PBXFileReference; lastKnownFileType = text.plist.xml; path = Info.plist; sourceTree = "<group>"; };
/* End PBXFileReference section */

/* Begin PBXFrameworksBuildPhase section */
		BDDC4815240EB45B001C9080 /* Frameworks */ = {
			isa = PBXFrameworksBuildPhase;
			buildActionMask = 2147483647;
			files = (
			);
			runOnlyForDeploymentPostprocessing = 0;
		};
/* End PBXFrameworksBuildPhase section */

/* Begin PBXGroup section */
		BDDC480F240EB45B001C9080 = {
			isa = PBXGroup;
			children = (
				BDDC481A240EB45B001C9080 /* CatNews */,
				BDDC4819240EB45B001C9080 /* Products */,
			);
			sourceTree = "<group>";
		};
		BDDC4819240EB45B001C9080 /* Products */ = {
			isa = PBXGroup;
			children = (
				BDDC4818240EB45B001C9080 /* CatNews.app */,
			);
			name = Products;
			sourceTree = "<group>";
		};
		BDDC481A240EB45B001C9080 /* CatNews */ = {
			isa = PBXGroup;
			children = (
				BDDC481B240EB45B001C9080 /* AppDelegate.swift */,
				BDDC481D240EB45B001C9080 /* SceneDelegate.swift */,
				BDDC481F240EB45B001C9080 /* ViewController.swift */,
				BDDC4821240EB45B001C9080 /* Main.storyboard */,
				BDDC4824240EB461001C9080 /* Assets.xcassets */,
				BDDC4826240EB461001C9080 /* LaunchScreen.storyboard */,
				BDDC4829240EB461001C9080 /* Info.plist */,
				BD4918A62416667700D3B2C8 /* NewsCell.swift */,
				BD6E8CAA241B9D29006FFE61 /* News.swift */,
				BD6E8CAC241BA28D006FFE61 /* NewsManager.swift */,
			);
			path = CatNews;
			sourceTree = "<group>";
		};
/* End PBXGroup section */

/* Begin PBXNativeTarget section */
		BDDC4817240EB45B001C9080 /* CatNews */ = {
			isa = PBXNativeTarget;
			buildConfigurationList = BDDC482C240EB461001C9080 /* Build configuration list for PBXNativeTarget "CatNews" */;
			buildPhases = (
				BDDC4814240EB45B001C9080 /* Sources */,
				BDDC4815240EB45B001C9080 /* Frameworks */,
				BDDC4816240EB45B001C9080 /* Resources */,
			);
			buildRules = (
			);
			dependencies = (
			);
			name = CatNews;
			productName = CatNews;
			productReference = BDDC4818240EB45B001C9080 /* CatNews.app */;
			productType = "com.apple.product-type.application";
		};
/* End PBXNativeTarget section */

/* Begin PBXProject section */
		BDDC4810240EB45B001C9080 /* Project object */ = {
			isa = PBXProject;
			attributes = {
				LastSwiftUpdateCheck = 1130;
				LastUpgradeCheck = 1130;
				ORGANIZATIONNAME = ClassiOS;
				TargetAttributes = {
					BDDC4817240EB45B001C9080 = {
						CreatedOnToolsVersion = 11.3.1;
					};
				};
			};
			buildConfigurationList = BDDC4813240EB45B001C9080 /* Build configuration list for PBXProject "CatNews" */;
			compatibilityVersion = "Xcode 9.3";
			developmentRegion = en;
			hasScannedForEncodings = 0;
			knownRegions = (
				en,
				Base,
			);
			mainGroup = BDDC480F240EB45B001C9080;
			productRefGroup = BDDC4819240EB45B001C9080 /* Products */;
			projectDirPath = "";
			projectRoot = "";
			targets = (
				BDDC4817240EB45B001C9080 /* CatNews */,
			);
		};
/* End PBXProject section */

/* Begin PBXResourcesBuildPhase section */
		BDDC4816240EB45B001C9080 /* Resources */ = {
			isa = PBXResourcesBuildPhase;
			buildActionMask = 2147483647;
			files = (
				BDDC4828240EB461001C9080 /* LaunchScreen.storyboard in Resources */,
				BDDC4825240EB461001C9080 /* Assets.xcassets in Resources */,
				BDDC4823240EB45B001C9080 /* Main.storyboard in Resources */,
			);
			runOnlyForDeploymentPostprocessing = 0;
		};
/* End PBXResourcesBuildPhase section */

/* Begin PBXSourcesBuildPhase section */
		BDDC4814240EB45B001C9080 /* Sources */ = {
			isa = PBXSourcesBuildPhase;
			buildActionMask = 2147483647;
			files = (
				BDDC4820240EB45B001C9080 /* ViewController.swift in Sources */,
				BDDC481C240EB45B001C9080 /* AppDelegate.swift in Sources */,
				BD4918A72416667700D3B2C8 /* NewsCell.swift in Sources */,
				BD6E8CAB241B9D29006FFE61 /* News.swift in Sources */,
				BD6E8CAD241BA28D006FFE61 /* NewsManager.swift in Sources */,
				BDDC481E240EB45B001C9080 /* SceneDelegate.swift in Sources */,
			);
			runOnlyForDeploymentPostprocessing = 0;
		};
/* End PBXSourcesBuildPhase section */

/* Begin PBXVariantGroup section */
		BDDC4821240EB45B001C9080 /* Main.storyboard */ = {
			isa = PBXVariantGroup;
			children = (
				BDDC4822240EB45B001C9080 /* Base */,
			);
			name = Main.storyboard;
			sourceTree = "<group>";
		};
		BDDC4826240EB461001C9080 /* LaunchScreen.storyboard */ = {
			isa = PBXVariantGroup;
			children = (
				BDDC4827240EB461001C9080 /* Base */,
			);
			name = LaunchScreen.storyboard;
			sourceTree = "<group>";
		};
/* End PBXVariantGroup section */

/* Begin XCBuildConfiguration section */
		BDDC482A240EB461001C9080 /* Debug */ = {
			isa = XCBuildConfiguration;
			buildSettings = {
				ALWAYS_SEARCH_USER_PATHS = NO;
				CLANG_ANALYZER_NONNULL = YES;
				CLANG_ANALYZER_NUMBER_OBJECT_CONVERSION = YES_AGGRESSIVE;
				CLANG_CXX_LANGUAGE_STANDARD = "gnu++14";
				CLANG_CXX_LIBRARY = "libc++";
				CLANG_ENABLE_MODULES = YES;
				CLANG_ENABLE_OBJC_ARC = YES;
				CLANG_ENABLE_OBJC_WEAK = YES;
				CLANG_WARN_BLOCK_CAPTURE_AUTORELEASING = YES;
				CLANG_WARN_BOOL_CONVERSION = YES;
				CLANG_WARN_COMMA = YES;
				CLANG_WARN_CONSTANT_CONVERSION = YES;
				CLANG_WARN_DEPRECATED_OBJC_IMPLEMENTATIONS = YES;
				CLANG_WARN_DIRECT_OBJC_ISA_USAGE = YES_ERROR;
				CLANG_WARN_DOCUMENTATION_COMMENTS = YES;
				CLANG_WARN_EMPTY_BODY = YES;
				CLANG_WARN_ENUM_CONVERSION = YES;
				CLANG_WARN_INFINITE_RECURSION = YES;
				CLANG_WARN_INT_CONVERSION = YES;
				CLANG_WARN_NON_LITERAL_NULL_CONVERSION = YES;
				CLANG_WARN_OBJC_IMPLICIT_RETAIN_SELF = YES;
				CLANG_WARN_OBJC_LITERAL_CONVERSION = YES;
				CLANG_WARN_OBJC_ROOT_CLASS = YES_ERROR;
				CLANG_WARN_RANGE_LOOP_ANALYSIS = YES;
				CLANG_WARN_STRICT_PROTOTYPES = YES;
				CLANG_WARN_SUSPICIOUS_MOVE = YES;
				CLANG_WARN_UNGUARDED_AVAILABILITY = YES_AGGRESSIVE;
				CLANG_WARN_UNREACHABLE_CODE = YES;
				CLANG_WARN__DUPLICATE_METHOD_MATCH = YES;
				COPY_PHASE_STRIP = NO;
				DEBUG_INFORMATION_FORMAT = dwarf;
				ENABLE_STRICT_OBJC_MSGSEND = YES;
				ENABLE_TESTABILITY = YES;
				GCC_C_LANGUAGE_STANDARD = gnu11;
				GCC_DYNAMIC_NO_PIC = NO;
				GCC_NO_COMMON_BLOCKS = YES;
				GCC_OPTIMIZATION_LEVEL = 0;
				GCC_PREPROCESSOR_DEFINITIONS = (
					"DEBUG=1",
					"$(inherited)",
				);
				GCC_WARN_64_TO_32_BIT_CONVERSION = YES;
				GCC_WARN_ABOUT_RETURN_TYPE = YES_ERROR;
				GCC_WARN_UNDECLARED_SELECTOR = YES;
				GCC_WARN_UNINITIALIZED_AUTOS = YES_AGGRESSIVE;
				GCC_WARN_UNUSED_FUNCTION = YES;
				GCC_WARN_UNUSED_VARIABLE = YES;
				IPHONEOS_DEPLOYMENT_TARGET = 13.2;
				MTL_ENABLE_DEBUG_INFO = INCLUDE_SOURCE;
				MTL_FAST_MATH = YES;
				ONLY_ACTIVE_ARCH = YES;
				SDKROOT = iphoneos;
				SWIFT_ACTIVE_COMPILATION_CONDITIONS = DEBUG;
				SWIFT_OPTIMIZATION_LEVEL = "-Onone";
			};
			name = Debug;
		};
		BDDC482B240EB461001C9080 /* Release */ = {
			isa = XCBuildConfiguration;
			buildSettings = {
				ALWAYS_SEARCH_USER_PATHS = NO;
				CLANG_ANALYZER_NONNULL = YES;
				CLANG_ANALYZER_NUMBER_OBJECT_CONVERSION = YES_AGGRESSIVE;
				CLANG_CXX_LANGUAGE_STANDARD = "gnu++14";
				CLANG_CXX_LIBRARY = "libc++";
				CLANG_ENABLE_MODULES = YES;
				CLANG_ENABLE_OBJC_ARC = YES;
				CLANG_ENABLE_OBJC_WEAK = YES;
				CLANG_WARN_BLOCK_CAPTURE_AUTORELEASING = YES;
				CLANG_WARN_BOOL_CONVERSION = YES;
				CLANG_WARN_COMMA = YES;
				CLANG_WARN_CONSTANT_CONVERSION = YES;
				CLANG_WARN_DEPRECATED_OBJC_IMPLEMENTATIONS = YES;
				CLANG_WARN_DIRECT_OBJC_ISA_USAGE = YES_ERROR;
				CLANG_WARN_DOCUMENTATION_COMMENTS = YES;
				CLANG_WARN_EMPTY_BODY = YES;
				CLANG_WARN_ENUM_CONVERSION = YES;
				CLANG_WARN_INFINITE_RECURSION = YES;
				CLANG_WARN_INT_CONVERSION = YES;
				CLANG_WARN_NON_LITERAL_NULL_CONVERSION = YES;
				CLANG_WARN_OBJC_IMPLICIT_RETAIN_SELF = YES;
				CLANG_WARN_OBJC_LITERAL_CONVERSION = YES;
				CLANG_WARN_OBJC_ROOT_CLASS = YES_ERROR;
				CLANG_WARN_RANGE_LOOP_ANALYSIS = YES;
				CLANG_WARN_STRICT_PROTOTYPES = YES;
				CLANG_WARN_SUSPICIOUS_MOVE = YES;
				CLANG_WARN_UNGUARDED_AVAILABILITY = YES_AGGRESSIVE;
				CLANG_WARN_UNREACHABLE_CODE = YES;
				CLANG_WARN__DUPLICATE_METHOD_MATCH = YES;
				COPY_PHASE_STRIP = NO;
				DEBUG_INFORMATION_FORMAT = "dwarf-with-dsym";
				ENABLE_NS_ASSERTIONS = NO;
				ENABLE_STRICT_OBJC_MSGSEND = YES;
				GCC_C_LANGUAGE_STANDARD = gnu11;
				GCC_NO_COMMON_BLOCKS = YES;
				GCC_WARN_64_TO_32_BIT_CONVERSION = YES;
				GCC_WARN_ABOUT_RETURN_TYPE = YES_ERROR;
				GCC_WARN_UNDECLARED_SELECTOR = YES;
				GCC_WARN_UNINITIALIZED_AUTOS = YES_AGGRESSIVE;
				GCC_WARN_UNUSED_FUNCTION = YES;
				GCC_WARN_UNUSED_VARIABLE = YES;
				IPHONEOS_DEPLOYMENT_TARGET = 13.2;
				MTL_ENABLE_DEBUG_INFO = NO;
				MTL_FAST_MATH = YES;
				SDKROOT = iphoneos;
				SWIFT_COMPILATION_MODE = wholemodule;
				SWIFT_OPTIMIZATION_LEVEL = "-O";
				VALIDATE_PRODUCT = YES;
			};
			name = Release;
		};
		BDDC482D240EB461001C9080 /* Debug */ = {
			isa = XCBuildConfiguration;
			buildSettings = {
				ASSETCATALOG_COMPILER_APPICON_NAME = AppIcon;
				CODE_SIGN_IDENTITY = "iPhone Developer";
				CODE_SIGN_STYLE = Manual;
				DEVELOPMENT_TEAM = L5Q8584KE5;
				INFOPLIST_FILE = CatNews/Info.plist;
				LD_RUNPATH_SEARCH_PATHS = (
					"$(inherited)",
					"@executable_path/Frameworks",
				);
				PRODUCT_BUNDLE_IDENTIFIER = com.catnews.CatNews;
				PRODUCT_NAME = "$(TARGET_NAME)";
				PROVISIONING_PROFILE_SPECIFIER = Provisioning_dev_cat_news;
				SWIFT_VERSION = 5.0;
				TARGETED_DEVICE_FAMILY = "1,2";
			};
			name = Debug;
		};
		BDDC482E240EB461001C9080 /* Release */ = {
			isa = XCBuildConfiguration;
			buildSettings = {
				ASSETCATALOG_COMPILER_APPICON_NAME = AppIcon;
				CODE_SIGN_IDENTITY = "iPhone Developer";
				CODE_SIGN_STYLE = Manual;
				DEVELOPMENT_TEAM = L5Q8584KE5;
				INFOPLIST_FILE = CatNews/Info.plist;
				LD_RUNPATH_SEARCH_PATHS = (
					"$(inherited)",
					"@executable_path/Frameworks",
				);
				PRODUCT_BUNDLE_IDENTIFIER = com.catnews.CatNews;
				PRODUCT_NAME = "$(TARGET_NAME)";
				PROVISIONING_PROFILE_SPECIFIER = Provisioning_dev_cat_news;
				SWIFT_VERSION = 5.0;
				TARGETED_DEVICE_FAMILY = "1,2";
			};
			name = Release;
		};
/* End XCBuildConfiguration section */

/* Begin XCConfigurationList section */
		BDDC4813240EB45B001C9080 /* Build configuration list for PBXProject "CatNews" */ = {
			isa = XCConfigurationList;
			buildConfigurations = (
				BDDC482A240EB461001C9080 /* Debug */,
				BDDC482B240EB461001C9080 /* Release */,
			);
			defaultConfigurationIsVisible = 0;
			defaultConfigurationName = Release;
		};
		BDDC482C240EB461001C9080 /* Build configuration list for PBXNativeTarget "CatNews" */ = {
			isa = XCConfigurationList;
			buildConfigurations = (
				BDDC482D240EB461001C9080 /* Debug */,
				BDDC482E240EB461001C9080 /* Release */,
			);
			defaultConfigurationIsVisible = 0;
			defaultConfigurationName = Release;
		};
/* End XCConfigurationList section */
	};
	rootObject = BDDC4810240EB45B001C9080 /* Project object */;
}
